
Microsoft Visual Studio Solution File, Format Version 12.00
Project("{2150E333-8FDC-42A3-9474-1A3956D46DE8}") = "src", "src", "{9FDBE1D3-F441-4FDF-B7A1-A540FD82ACCA}"
EndProject
Project("{2150E333-8FDC-42A3-9474-1A3956D46DE8}") = "tests", "tests", "{62B5DAF0-2F70-458D-A560-2479DF1C7E29}"
EndProject
Project("{FAE04EC0-301F-11D3-BF4B-00C04F79EFBC}") = "Blogging.Domain", "Blogging.Domain\Blogging.Domain.csproj", "{1311023E-B032-425C-93F1-0AF9CE0872BB}"
EndProject
Project("{2150E333-8FDC-42A3-9474-1A3956D46DE8}") = "Core", "Core", "{51CA647C-2242-4954-AD30-991722E52660}"
EndProject
Project("{2150E333-8FDC-42A3-9474-1A3956D46DE8}") = "API", "API", "{C403DC6C-96C2-419B-BAE3-3CDC301CB275}"
EndProject
Project("{2150E333-8FDC-42A3-9474-1A3956D46DE8}") = "Infrastructure", "Infrastructure", "{B2FCE9D6-706A-40BA-B95A-C17FAF846949}"
EndProject
Project("{FAE04EC0-301F-11D3-BF4B-00C04F79EFBC}") = "Blogging.Application", "Blogging.Application\Blogging.Application.csproj", "{A04E23C2-E99F-4651-8FCA-4AAAAEA93C36}"
EndProject
Project("{FAE04EC0-301F-11D3-BF4B-00C04F79EFBC}") = "Blogging.Persistence", "Blogging.Persistence\Blogging.Persistence.csproj", "{0BA9D5E3-8066-4B20-83C6-7ED1CD504713}"
EndProject
Project("{FAE04EC0-301F-11D3-BF4B-00C04F79EFBC}") = "Blogging.Api", "Blogging.Api\Blogging.Api.csproj", "{7C22680A-AAF1-4E67-A4DF-512F21A9EA71}"
EndProject
Global
	GlobalSection(SolutionConfigurationPlatforms) = preSolution
		Debug|Any CPU = Debug|Any CPU
		Release|Any CPU = Release|Any CPU
	EndGlobalSection
	GlobalSection(NestedProjects) = preSolution
		{51CA647C-2242-4954-AD30-991722E52660} = {9FDBE1D3-F441-4FDF-B7A1-A540FD82ACCA}
		{C403DC6C-96C2-419B-BAE3-3CDC301CB275} = {9FDBE1D3-F441-4FDF-B7A1-A540FD82ACCA}
		{B2FCE9D6-706A-40BA-B95A-C17FAF846949} = {9FDBE1D3-F441-4FDF-B7A1-A540FD82ACCA}
		{1311023E-B032-425C-93F1-0AF9CE0872BB} = {51CA647C-2242-4954-AD30-991722E52660}
		{A04E23C2-E99F-4651-8FCA-4AAAAEA93C36} = {51CA647C-2242-4954-AD30-991722E52660}
		{0BA9D5E3-8066-4B20-83C6-7ED1CD504713} = {B2FCE9D6-706A-40BA-B95A-C17FAF846949}
		{7C22680A-AAF1-4E67-A4DF-512F21A9EA71} = {C403DC6C-96C2-419B-BAE3-3CDC301CB275}
	EndGlobalSection
	GlobalSection(ProjectConfigurationPlatforms) = postSolution
		{1311023E-B032-425C-93F1-0AF9CE0872BB}.Debug|Any CPU.ActiveCfg = Debug|Any CPU
		{1311023E-B032-425C-93F1-0AF9CE0872BB}.Debug|Any CPU.Build.0 = Debug|Any CPU
		{1311023E-B032-425C-93F1-0AF9CE0872BB}.Release|Any CPU.ActiveCfg = Release|Any CPU
		{1311023E-B032-425C-93F1-0AF9CE0872BB}.Release|Any CPU.Build.0 = Release|Any CPU
		{A04E23C2-E99F-4651-8FCA-4AAAAEA93C36}.Debug|Any CPU.ActiveCfg = Debug|Any CPU
		{A04E23C2-E99F-4651-8FCA-4AAAAEA93C36}.Debug|Any CPU.Build.0 = Debug|Any CPU
		{A04E23C2-E99F-4651-8FCA-4AAAAEA93C36}.Release|Any CPU.ActiveCfg = Release|Any CPU
		{A04E23C2-E99F-4651-8FCA-4AAAAEA93C36}.Release|Any CPU.Build.0 = Release|Any CPU
		{0BA9D5E3-8066-4B20-83C6-7ED1CD504713}.Debug|Any CPU.ActiveCfg = Debug|Any CPU
		{0BA9D5E3-8066-4B20-83C6-7ED1CD504713}.Debug|Any CPU.Build.0 = Debug|Any CPU
		{0BA9D5E3-8066-4B20-83C6-7ED1CD504713}.Release|Any CPU.ActiveCfg = Release|Any CPU
		{0BA9D5E3-8066-4B20-83C6-7ED1CD504713}.Release|Any CPU.Build.0 = Release|Any CPU
		{7C22680A-AAF1-4E67-A4DF-512F21A9EA71}.Debug|Any CPU.ActiveCfg = Debug|Any CPU
		{7C22680A-AAF1-4E67-A4DF-512F21A9EA71}.Debug|Any CPU.Build.0 = Debug|Any CPU
		{7C22680A-AAF1-4E67-A4DF-512F21A9EA71}.Release|Any CPU.ActiveCfg = Release|Any CPU
		{7C22680A-AAF1-4E67-A4DF-512F21A9EA71}.Release|Any CPU.Build.0 = Release|Any CPU
	EndGlobalSection
EndGlobal
